Microsoft Visual Studio Solution File, Format Version 12.00
# Visual Studio Version 17
VisualStudioVersion = 17.5.2.0
MinimumVisualStudioVersion = 10.0.40219.1
Project("{FAE04EC0-301F-11D3-BF4B-00C04F79EFBC}") = "YOLO_Terminal", "YOLO_Terminal.csproj", "{245AD135-C390-4772-907F-A6A650E0F321}"
EndProject
Global
	GlobalSection(SolutionConfigurationPlatforms) = preSolution
		Debug|Any CPU = Debug|Any CPU
		Release|Any CPU = Release|Any CPU
	EndGlobalSection
	GlobalSection(ProjectConfigurationPlatforms) = postSolution
		{245AD135-C390-4772-907F-A6A650E0F321}.Debug|Any CPU.ActiveCfg = Debug|Any CPU
		{245AD135-C390-4772-907F-A6A650E0F321}.Debug|Any CPU.Build.0 = Debug|Any CPU
		{245AD135-C390-4772-907F-A6A650E0F321}.Release|Any CPU.ActiveCfg = Release|Any CPU
		{245AD135-C390-4772-907F-A6A650E0F321}.Release|Any CPU.Build.0 = Release|Any CPU
	EndGlobalSection
	GlobalSection(SolutionProperties) = preSolution
		HideSolutionNode = FALSE
	EndGlobalSection
	GlobalSection(ExtensibilityGlobals) = postSolution
		SolutionGuid = {6F2E5267-0804-4A7E-9779-4D851205BD0A}
	EndGlobalSection
EndGlobal
